
Microsoft Visual Studio Solution File, Format Version 12.00
# Visual Studio 15
VisualStudioVersion = 15.0.28307.271
MinimumVisualStudioVersion = 10.0.40219.1
Project("{8BC9CEB8-8B4A-11D0-8D11-00A0C91BC942}") = "server", "server\server.vcxproj", "{A35F2B97-53BA-428E-8890-98E7CB693CF4}"
EndProject
Project("{8BC9CEB8-8B4A-11D0-8D11-00A0C91BC942}") = "client", "client\client.vcxproj", "{215AC7F3-CE4D-49FA-B2BB-C32725EED018}"
EndProject
Global
	GlobalSection(SolutionConfigurationPlatforms) = preSolution
		Debug|x64 = Debug|x64
		Debug|x86 = Debug|x86
		Release|x64 = Release|x64
		Release|x86 = Release|x86
	EndGlobalSection
	GlobalSection(ProjectConfigurationPlatforms) = postSolution
		{A35F2B97-53BA-428E-8890-98E7CB693CF4}.Debug|x64.ActiveCfg = Debug|x64
		{A35F2B97-53BA-428E-8890-98E7CB693CF4}.Debug|x64.Build.0 = Debug|x64
		{A35F2B97-53BA-428E-8890-98E7CB693CF4}.Debug|x86.ActiveCfg = Debug|Win32
		{A35F2B97-53BA-428E-8890-98E7CB693CF4}.Debug|x86.Build.0 = Debug|Win32
		{A35F2B97-53BA-428E-8890-98E7CB693CF4}.Release|x64.ActiveCfg = Release|x64
		{A35F2B97-53BA-428E-8890-98E7CB693CF4}.Release|x64.Build.0 = Release|x64
		{A35F2B97-53BA-428E-8890-98E7CB693CF4}.Release|x86.ActiveCfg = Release|Win32
		{A35F2B97-53BA-428E-8890-98E7CB693CF4}.Release|x86.Build.0 = Release|Win32
		{215AC7F3-CE4D-49FA-B2BB-C32725EED018}.Debug|x64.ActiveCfg = Debug|x64
		{215AC7F3-CE4D-49FA-B2BB-C32725EED018}.Debug|x64.Build.0 = Debug|x64
		{215AC7F3-CE4D-49FA-B2BB-C32725EED018}.Debug|x86.ActiveCfg = Debug|Win32
		{215AC7F3-CE4D-49FA-B2BB-C32725EED018}.Debug|x86.Build.0 = Debug|Win32
		{215AC7F3-CE4D-49FA-B2BB-C32725EED018}.Release|x64.ActiveCfg = Release|x64
		{215AC7F3-CE4D-49FA-B2BB-C32725EED018}.Release|x64.Build.0 = Release|x64
		{215AC7F3-CE4D-49FA-B2BB-C32725EED018}.Release|x86.ActiveCfg = Release|Win32
		{215AC7F3-CE4D-49FA-B2BB-C32725EED018}.Release|x86.Build.0 = Release|Win32
	EndGlobalSection
	GlobalSection(SolutionProperties) = preSolution
		HideSolutionNode = FALSE
	EndGlobalSection
	GlobalSection(ExtensibilityGlobals) = postSolution
		SolutionGuid = {45ECFF09-71A0-4255-AB4E-F71896C5E8DB}
	EndGlobalSection
EndGlobal
